
Microsoft Visual Studio Solution File, Format Version 12.00
# Visual Studio Version 16
VisualStudioVersion = 16.0.30309.148
MinimumVisualStudioVersion = 10.0.40219.1
Project("{FAE04EC0-301F-11D3-BF4B-00C04F79EFBC}") = "CutTheSticks", "CutTheSticks\CutTheSticks.csproj", "{A833F87E-4BFD-483D-8C16-070BD2B252E3}"
EndProject
Global
	GlobalSection(SolutionConfigurationPlatforms) = preSolution
		Debug|Any CPU = Debug|Any CPU
		Release|Any CPU = Release|Any CPU
	EndGlobalSection
	GlobalSection(ProjectConfigurationPlatforms) = postSolution
		{A833F87E-4BFD-483D-8C16-070BD2B252E3}.Debug|Any CPU.ActiveCfg = Debug|Any CPU
		{A833F87E-4BFD-483D-8C16-070BD2B252E3}.Debug|Any CPU.Build.0 = Debug|Any CPU
		{A833F87E-4BFD-483D-8C16-070BD2B252E3}.Release|Any CPU.ActiveCfg = Release|Any CPU
		{A833F87E-4BFD-483D-8C16-070BD2B252E3}.Release|Any CPU.Build.0 = Release|Any CPU
	EndGlobalSection
	GlobalSection(SolutionProperties) = preSolution
		HideSolutionNode = FALSE
	EndGlobalSection
	GlobalSection(ExtensibilityGlobals) = postSolution
		SolutionGuid = {5CF1B848-48A9-43C0-BEBA-CE899CEC32FD}
	EndGlobalSection
EndGlobal
